// !$*UTF8*$!
{
	archiveVersion = 1;
	classes = {
	};
	objectVersion = 46;
	objects = {

/* Begin PBXBuildFile section */
		E2EEEAF71F705D3900B99719 /* AppDelegate.swift in Sources */ = {isa = PBXBuildFile; fileRef = E2EEEAF61F705D3900B99719 /* AppDelegate.swift */; };
		E2EEEAF91F705D3900B99719 /* ViewController.swift in Sources */ = {isa = PBXBuildFile; fileRef = E2EEEAF81F705D3900B99719 /* ViewController.swift */; };
		E2EEEAFC1F705D3900B99719 /* Main.storyboard in Resources */ = {isa = PBXBuildFile; fileRef = E2EEEAFA1F705D3900B99719 /* Main.storyboard */; };
		E2EEEAFF1F705D3900B99719 /* Lab_06.xcdatamodeld in Sources */ = {isa = PBXBuildFile; fileRef = E2EEEAFD1F705D3900B99719 /* Lab_06.xcdatamodeld */; };
		E2EEEB011F705D3900B99719 /* Assets.xcassets in Resources */ = {isa = PBXBuildFile; fileRef = E2EEEB001F705D3900B99719 /* Assets.xcassets */; };
		E2EEEB041F705D3900B99719 /* LaunchScreen.storyboard in Resources */ = {isa = PBXBuildFile; fileRef = E2EEEB021F705D3900B99719 /* LaunchScreen.storyboard */; };
/* End PBXBuildFile section */

/* Begin PBXFileReference section */
		E2EEEAF31F705D3900B99719 /* Lab-06.app */ = {isa = PBXFileReference; explicitFileType = wrapper.application; includeInIndex = 0; path = "Lab-06.app"; sourceTree = BUILT_PRODUCTS_DIR; };
		E2EEEAF61F705D3900B99719 /* AppDelegate.swift */ = {isa = PBXFileReference; lastKnownFileType = sourcecode.swift; path = AppDelegate.swift; sourceTree = "<group>"; };
		E2EEEAF81F705D3900B99719 /* ViewController.swift */ = {isa = PBXFileReference; lastKnownFileType = sourcecode.swift; path = ViewController.swift; sourceTree = "<group>"; };
		E2EEEAFB1F705D3900B99719 /* Base */ = {isa = PBXFileReference; lastKnownFileType = file.storyboard; name = Base; path = Base.lproj/Main.storyboard; sourceTree = "<group>"; };
		E2EEEAFE1F705D3900B99719 /* Lab_06.xcdatamodel */ = {isa = PBXFileReference; lastKnownFileType = wrapper.xcdatamodel; path = Lab_06.xcdatamodel; sourceTree = "<group>"; };
		E2EEEB001F705D3900B99719 /* Assets.xcassets */ = {isa = PBXFileReference; lastKnownFileType = folder.assetcatalog; path = Assets.xcassets; sourceTree = "<group>"; };
		E2EEEB031F705D3900B99719 /* Base */ = {isa = PBXFileReference; lastKnownFileType = file.storyboard; name = Base; path = Base.lproj/LaunchScreen.storyboard; sourceTree = "<group>"; };
		E2EEEB051F705D3900B99719 /* Info.plist */ = {isa = PBXFileReference; lastKnownFileType = text.plist.xml; path = Info.plist; sourceTree = "<group>"; };
/* End PBXFileReference section */

/* Begin PBXFrameworksBuildPhase section */
		E2EEEAF01F705D3900B99719 /* Frameworks */ = {
			isa = PBXFrameworksBuildPhase;
			buildActionMask = 2147483647;
			files = (
			);
			runOnlyForDeploymentPostprocessing = 0;
		};
/* End PBXFrameworksBuildPhase section */

/* Begin PBXGroup section */
		E2EEEAEA1F705D3900B99719 = {
			isa = PBXGroup;
			children = (
				E2EEEAF51F705D3900B99719 /* Lab-06 */,
				E2EEEAF41F705D3900B99719 /* Products */,
			);
			sourceTree = "<group>";
		};
		E2EEEAF41F705D3900B99719 /* Products */ = {
			isa = PBXGroup;
			children = (
				E2EEEAF31F705D3900B99719 /* Lab-06.app */,
			);
			name = Products;
			sourceTree = "<group>";
		};
		E2EEEAF51F705D3900B99719 /* Lab-06 */ = {
			isa = PBXGroup;
			children = (
				E2EEEAF61F705D3900B99719 /* AppDelegate.swift */,
				E2EEEAF81F705D3900B99719 /* ViewController.swift */,
				E2EEEAFA1F705D3900B99719 /* Main.storyboard */,
				E2EEEB001F705D3900B99719 /* Assets.xcassets */,
				E2EEEB021F705D3900B99719 /* LaunchScreen.storyboard */,
				E2EEEB051F705D3900B99719 /* Info.plist */,
				E2EEEAFD1F705D3900B99719 /* Lab_06.xcdatamodeld */,
			);
			path = "Lab-06";
			sourceTree = "<group>";
		};
/* End PBXGroup section */

/* Begin PBXNativeTarget section */
		E2EEEAF21F705D3900B99719 /* Lab-06 */ = {
			isa = PBXNativeTarget;
			buildConfigurationList = E2EEEB081F705D3900B99719 /* Build configuration list for PBXNativeTarget "Lab-06" */;
			buildPhases = (
				E2EEEAEF1F705D3900B99719 /* Sources */,
				E2EEEAF01F705D3900B99719 /* Frameworks */,
				E2EEEAF11F705D3900B99719 /* Resources */,
			);
			buildRules = (
			);
			dependencies = (
			);
			name = "Lab-06";
			productName = "Lab-06";
			productReference = E2EEEAF31F705D3900B99719 /* Lab-06.app */;
			productType = "com.apple.product-type.application";
		};
/* End PBXNativeTarget section */

/* Begin PBXProject section */
		E2EEEAEB1F705D3900B99719 /* Project object */ = {
			isa = PBXProject;
			attributes = {
				LastSwiftUpdateCheck = 0830;
				LastUpgradeCheck = 0830;
				ORGANIZATIONNAME = Tecsup;
				TargetAttributes = {
					E2EEEAF21F705D3900B99719 = {
						CreatedOnToolsVersion = 8.3.3;
						DevelopmentTeam = ENDFWB7CM7;
						ProvisioningStyle = Automatic;
					};
				};
			};
			buildConfigurationList = E2EEEAEE1F705D3900B99719 /* Build configuration list for PBXProject "Lab-06" */;
			compatibilityVersion = "Xcode 3.2";
			developmentRegion = English;
			hasScannedForEncodings = 0;
			knownRegions = (
				en,
				Base,
			);
			mainGroup = E2EEEAEA1F705D3900B99719;
			productRefGroup = E2EEEAF41F705D3900B99719 /* Products */;
			projectDirPath = "";
			projectRoot = "";
			targets = (
				E2EEEAF21F705D3900B99719 /* Lab-06 */,
			);
		};
/* End PBXProject section */

/* Begin PBXResourcesBuildPhase section */
		E2EEEAF11F705D3900B99719 /* Resources */ = {
			isa = PBXResourcesBuildPhase;
			buildActionMask = 2147483647;
			files = (
				E2EEEB041F705D3900B99719 /* LaunchScreen.storyboard in Resources */,
				E2EEEB011F705D3900B99719 /* Assets.xcassets in Resources */,
				E2EEEAFC1F705D3900B99719 /* Main.storyboard in Resources */,
			);
			runOnlyForDeploymentPostprocessing = 0;
		};
/* End PBXResourcesBuildPhase section */

/* Begin PBXSourcesBuildPhase section */
		E2EEEAEF1F705D3900B99719 /* Sources */ = {
			isa = PBXSourcesBuildPhase;
			buildActionMask = 2147483647;
			files = (
				E2EEEAF91F705D3900B99719 /* ViewController.swift in Sources */,
				E2EEEAF71F705D3900B99719 /* AppDelegate.swift in Sources */,
				E2EEEAFF1F705D3900B99719 /* Lab_06.xcdatamodeld in Sources */,
			);
			runOnlyForDeploymentPostprocessing = 0;
		};
/* End PBXSourcesBuildPhase section */

/* Begin PBXVariantGroup section */
		E2EEEAFA1F705D3900B99719 /* Main.storyboard */ = {
			isa = PBXVariantGroup;
			children = (
				E2EEEAFB1F705D3900B99719 /* Base */,
			);
			name = Main.storyboard;
			sourceTree = "<group>";
		};
		E2EEEB021F705D3900B99719 /* LaunchScreen.storyboard */ = {
			isa = PBXVariantGroup;
			children = (
				E2EEEB031F705D3900B99719 /* Base */,
			);
			name = LaunchScreen.storyboard;
			sourceTree = "<group>";
		};
/* End PBXVariantGroup section */

/* Begin XCBuildConfiguration section */
		E2EEEB061F705D3900B99719 /* Debug */ = {
			isa = XCBuildConfiguration;
			buildSettings = {
				ALWAYS_SEARCH_USER_PATHS = NO;
				CLANG_ANALYZER_NONNULL = YES;
				CLANG_ANALYZER_NUMBER_OBJECT_CONVERSION = YES_AGGRESSIVE;
				CLANG_CXX_LANGUAGE_STANDARD = "gnu++0x";
				CLANG_CXX_LIBRARY = "libc++";
				CLANG_ENABLE_MODULES = YES;
				CLANG_ENABLE_OBJC_ARC = YES;
				CLANG_WARN_BOOL_CONVERSION = YES;
				CLANG_WARN_CONSTANT_CONVERSION = YES;
				CLANG_WARN_DIRECT_OBJC_ISA_USAGE = YES_ERROR;
				CLANG_WARN_DOCUMENTATION_COMMENTS = YES;
				CLANG_WARN_EMPTY_BODY = YES;
				CLANG_WARN_ENUM_CONVERSION = YES;
				CLANG_WARN_INFINITE_RECURSION = YES;
				CLANG_WARN_INT_CONVERSION = YES;
				CLANG_WARN_OBJC_ROOT_CLASS = YES_ERROR;
				CLANG_WARN_SUSPICIOUS_MOVE = YES;
				CLANG_WARN_UNREACHABLE_CODE = YES;
				CLANG_WARN__DUPLICATE_METHOD_MATCH = YES;
				"CODE_SIGN_IDENTITY[sdk=iphoneos*]" = "iPhone Developer";
				COPY_PHASE_STRIP = NO;
				DEBUG_INFORMATION_FORMAT = dwarf;
				ENABLE_STRICT_OBJC_MSGSEND = YES;
				ENABLE_TESTABILITY = YES;
				GCC_C_LANGUAGE_STANDARD = gnu99;
				GCC_DYNAMIC_NO_PIC = NO;
				GCC_NO_COMMON_BLOCKS = YES;
				GCC_OPTIMIZATION_LEVEL = 0;
				GCC_PREPROCESSOR_DEFINITIONS = (
					"DEBUG=1",
					"$(inherited)",
				);
				GCC_WARN_64_TO_32_BIT_CONVERSION = YES;
				GCC_WARN_ABOUT_RETURN_TYPE = YES_ERROR;
				GCC_WARN_UNDECLARED_SELECTOR = YES;
				GCC_WARN_UNINITIALIZED_AUTOS = YES_AGGRESSIVE;
				GCC_WARN_UNUSED_FUNCTION = YES;
				GCC_WARN_UNUSED_VARIABLE = YES;
				IPHONEOS_DEPLOYMENT_TARGET = 10.3;
				MTL_ENABLE_DEBUG_INFO = YES;
				ONLY_ACTIVE_ARCH = YES;
				SDKROOT = iphoneos;
				SWIFT_ACTIVE_COMPILATION_CONDITIONS = DEBUG;
				SWIFT_OPTIMIZATION_LEVEL = "-Onone";
			};
			name = Debug;
		};
		E2EEEB071F705D3900B99719 /* Release */ = {
			isa = XCBuildConfiguration;
			buildSettings = {
				ALWAYS_SEARCH_USER_PATHS = NO;
				CLANG_ANALYZER_NONNULL = YES;
				CLANG_ANALYZER_NUMBER_OBJECT_CONVERSION = YES_AGGRESSIVE;
				CLANG_CXX_LANGUAGE_STANDARD = "gnu++0x";
				CLANG_CXX_LIBRARY = "libc++";
				CLANG_ENABLE_MODULES = YES;
				CLANG_ENABLE_OBJC_ARC = YES;
				CLANG_WARN_BOOL_CONVERSION = YES;
				CLANG_WARN_CONSTANT_CONVERSION = YES;
				CLANG_WARN_DIRECT_OBJC_ISA_USAGE = YES_ERROR;
				CLANG_WARN_DOCUMENTATION_COMMENTS = YES;
				CLANG_WARN_EMPTY_BODY = YES;
				CLANG_WARN_ENUM_CONVERSION = YES;
				CLANG_WARN_INFINITE_RECURSION = YES;
				CLANG_WARN_INT_CONVERSION = YES;
				CLANG_WARN_OBJC_ROOT_CLASS = YES_ERROR;
				CLANG_WARN_SUSPICIOUS_MOVE = YES;
				CLANG_WARN_UNREACHABLE_CODE = YES;
				CLANG_WARN__DUPLICATE_METHOD_MATCH = YES;
				"CODE_SIGN_IDENTITY[sdk=iphoneos*]" = "iPhone Developer";
				COPY_PHASE_STRIP = NO;
				DEBUG_INFORMATION_FORMAT = "dwarf-with-dsym";
				ENABLE_NS_ASSERTIONS = NO;
				ENABLE_STRICT_OBJC_MSGSEND = YES;
				GCC_C_LANGUAGE_STANDARD = gnu99;
				GCC_NO_COMMON_BLOCKS = YES;
				GCC_WARN_64_TO_32_BIT_CONVERSION = YES;
				GCC_WARN_ABOUT_RETURN_TYPE = YES_ERROR;
				GCC_WARN_UNDECLARED_SELECTOR = YES;
				GCC_WARN_UNINITIALIZED_AUTOS = YES_AGGRESSIVE;
				GCC_WARN_UNUSED_FUNCTION = YES;
				GCC_WARN_UNUSED_VARIABLE = YES;
				IPHONEOS_DEPLOYMENT_TARGET = 10.3;
				MTL_ENABLE_DEBUG_INFO = NO;
				SDKROOT = iphoneos;
				SWIFT_OPTIMIZATION_LEVEL = "-Owholemodule";
				VALIDATE_PRODUCT = YES;
			};
			name = Release;
		};
		E2EEEB091F705D3900B99719 /* Debug */ = {
			isa = XCBuildConfiguration;
			buildSettings = {
				ASSETCATALOG_COMPILER_APPICON_NAME = AppIcon;
				DEVELOPMENT_TEAM = ENDFWB7CM7;
				INFOPLIST_FILE = "Lab-06/Info.plist";
				LD_RUNPATH_SEARCH_PATHS = "$(inherited) @executable_path/Frameworks";
				PRODUCT_BUNDLE_IDENTIFIER = "com.tecsup.Lab-06";
				PRODUCT_NAME = "$(TARGET_NAME)";
				SWIFT_VERSION = 3.0;
			};
			name = Debug;
		};
		E2EEEB0A1F705D3900B99719 /* Release */ = {
			isa = XCBuildConfiguration;
			buildSettings = {
				ASSETCATALOG_COMPILER_APPICON_NAME = AppIcon;
				DEVELOPMENT_TEAM = ENDFWB7CM7;
				INFOPLIST_FILE = "Lab-06/Info.plist";
				LD_RUNPATH_SEARCH_PATHS = "$(inherited) @executable_path/Frameworks";
				PRODUCT_BUNDLE_IDENTIFIER = "com.tecsup.Lab-06";
				PRODUCT_NAME = "$(TARGET_NAME)";
				SWIFT_VERSION = 3.0;
			};
			name = Release;
		};
/* End XCBuildConfiguration section */

/* Begin XCConfigurationList section */
		E2EEEAEE1F705D3900B99719 /* Build configuration list for PBXProject "Lab-06" */ = {
			isa = XCConfigurationList;
			buildConfigurations = (
				E2EEEB061F705D3900B99719 /* Debug */,
				E2EEEB071F705D3900B99719 /* Release */,
			);
			defaultConfigurationIsVisible = 0;
			defaultConfigurationName = Release;
		};
		E2EEEB081F705D3900B99719 /* Build configuration list for PBXNativeTarget "Lab-06" */ = {
			isa = XCConfigurationList;
			buildConfigurations = (
				E2EEEB091F705D3900B99719 /* Debug */,
				E2EEEB0A1F705D3900B99719 /* Release */,
			);
			defaultConfigurationIsVisible = 0;
		};
/* End XCConfigurationList section */

/* Begin XCVersionGroup section */
		E2EEEAFD1F705D3900B99719 /* Lab_06.xcdatamodeld */ = {
			isa = XCVersionGroup;
			children = (
				E2EEEAFE1F705D3900B99719 /* Lab_06.xcdatamodel */,
			);
			currentVersion = E2EEEAFE1F705D3900B99719 /* Lab_06.xcdatamodel */;
			path = Lab_06.xcdatamodeld;
			sourceTree = "<group>";
			versionGroupType = wrapper.xcdatamodel;
		};
/* End XCVersionGroup section */
	};
	rootObject = E2EEEAEB1F705D3900B99719 /* Project object */;
}
